github.com/Motmedel/utils_go v0.0.190 h1:KV508Nj5RM3vkt3ea/zZfO7b8EoOV/rsizhZk6/cLbE=
github.com/Motmedel/utils_go v0.0.190/go.mod h1:kKm8jM7GA8M7ICIImi5etOMixRgQfnStBPjEoCMTgbg=
golang.org/x/sync v0.12.0 h1:MHc5BpPuC30uJk597Ri8TV3CNZcTLu6B6z4lJy+g6Jw=
golang.org/x/sync v0.12.0/go.mod h1:1dzgHSNfp02xaA81J2MS99Qcpr2w7fw1gpm99rleRqA=
